
Microsoft Visual Studio Solution File, Format Version 12.00
# Visual Studio Version 16
VisualStudioVersion = 16.0.31727.386
MinimumVisualStudioVersion = 10.0.40219.1
Project("{FAE04EC0-301F-11D3-BF4B-00C04F79EFBC}") = "Sual1", "Sual1\Sual1.csproj", "{E7DAE205-7196-4DEF-8202-D76B4CB57C15}"
EndProject
Project("{FAE04EC0-301F-11D3-BF4B-00C04F79EFBC}") = "Sual2", "Sual2\Sual2.csproj", "{42EAF606-3F89-44B6-9D37-391546A8FF95}"
EndProject
Project("{FAE04EC0-301F-11D3-BF4B-00C04F79EFBC}") = "Sual3", "Sual3\Sual3.csproj", "{A48099A3-10CE-41BD-B374-506BDCF54BF7}"
EndProject
Project("{FAE04EC0-301F-11D3-BF4B-00C04F79EFBC}") = "Sual4", "Sual4\Sual4.csproj", "{8124DA86-A280-4A9B-8464-A089BF08063B}"
EndProject
Project("{FAE04EC0-301F-11D3-BF4B-00C04F79EFBC}") = "Sual5", "Sual5\Sual5.csproj", "{BFF4250A-8C6F-484D-BD32-882B389ACA30}"
EndProject
Project("{FAE04EC0-301F-11D3-BF4B-00C04F79EFBC}") = "Sual6", "Sual6\Sual6.csproj", "{CE88BDE6-812B-4D07-ABE5-D291A72B8329}"
EndProject
Project("{FAE04EC0-301F-11D3-BF4B-00C04F79EFBC}") = "Sual7", "Sual7\Sual7.csproj", "{55580C65-318E-4637-845A-E47C662FB22C}"
EndProject
Project("{FAE04EC0-301F-11D3-BF4B-00C04F79EFBC}") = "Sual8", "Sual8\Sual8.csproj", "{26BE4D87-DE04-456F-8F8C-1FD18BEB919A}"
EndProject
Project("{FAE04EC0-301F-11D3-BF4B-00C04F79EFBC}") = "Sual9", "Sual9\Sual9.csproj", "{EB8132FE-20B0-4982-847E-A3E10041A5A0}"
EndProject
Project("{FAE04EC0-301F-11D3-BF4B-00C04F79EFBC}") = "Sual10", "Sual10\Sual10.csproj", "{5E0704B6-3E1F-4CE0-8EC3-9116C4B208F1}"
EndProject
Project("{FAE04EC0-301F-11D3-BF4B-00C04F79EFBC}") = "Sual11", "Sual11\Sual11.csproj", "{FF1D37CC-9FC8-47E9-B78D-0B7610E5F0CF}"
EndProject
Project("{FAE04EC0-301F-11D3-BF4B-00C04F79EFBC}") = "Sual12", "Sual12\Sual12.csproj", "{5CF00EAE-A355-448F-99FC-492091E5C62D}"
EndProject
Project("{FAE04EC0-301F-11D3-BF4B-00C04F79EFBC}") = "Sual13", "Sual13\Sual13.csproj", "{10ED79DE-59CB-4108-8953-719FDF1E89AF}"
EndProject
Global
	GlobalSection(SolutionConfigurationPlatforms) = preSolution
		Debug|Any CPU = Debug|Any CPU
		Release|Any CPU = Release|Any CPU
	EndGlobalSection
	GlobalSection(ProjectConfigurationPlatforms) = postSolution
		{E7DAE205-7196-4DEF-8202-D76B4CB57C15}.Debug|Any CPU.ActiveCfg = Debug|Any CPU
		{E7DAE205-7196-4DEF-8202-D76B4CB57C15}.Debug|Any CPU.Build.0 = Debug|Any CPU
		{E7DAE205-7196-4DEF-8202-D76B4CB57C15}.Release|Any CPU.ActiveCfg = Release|Any CPU
		{E7DAE205-7196-4DEF-8202-D76B4CB57C15}.Release|Any CPU.Build.0 = Release|Any CPU
		{42EAF606-3F89-44B6-9D37-391546A8FF95}.Debug|Any CPU.ActiveCfg = Debug|Any CPU
		{42EAF606-3F89-44B6-9D37-391546A8FF95}.Debug|Any CPU.Build.0 = Debug|Any CPU
		{42EAF606-3F89-44B6-9D37-391546A8FF95}.Release|Any CPU.ActiveCfg = Release|Any CPU
		{42EAF606-3F89-44B6-9D37-391546A8FF95}.Release|Any CPU.Build.0 = Release|Any CPU
		{A48099A3-10CE-41BD-B374-506BDCF54BF7}.Debug|Any CPU.ActiveCfg = Debug|Any CPU
		{A48099A3-10CE-41BD-B374-506BDCF54BF7}.Debug|Any CPU.Build.0 = Debug|Any CPU
		{A48099A3-10CE-41BD-B374-506BDCF54BF7}.Release|Any CPU.ActiveCfg = Release|Any CPU
		{A48099A3-10CE-41BD-B374-506BDCF54BF7}.Release|Any CPU.Build.0 = Release|Any CPU
		{8124DA86-A280-4A9B-8464-A089BF08063B}.Debug|Any CPU.ActiveCfg = Debug|Any CPU
		{8124DA86-A280-4A9B-8464-A089BF08063B}.Debug|Any CPU.Build.0 = Debug|Any CPU
		{8124DA86-A280-4A9B-8464-A089BF08063B}.Release|Any CPU.ActiveCfg = Release|Any CPU
		{8124DA86-A280-4A9B-8464-A089BF08063B}.Release|Any CPU.Build.0 = Release|Any CPU
		{BFF4250A-8C6F-484D-BD32-882B389ACA30}.Debug|Any CPU.ActiveCfg = Debug|Any CPU
		{BFF4250A-8C6F-484D-BD32-882B389ACA30}.Debug|Any CPU.Build.0 = Debug|Any CPU
		{BFF4250A-8C6F-484D-BD32-882B389ACA30}.Release|Any CPU.ActiveCfg = Release|Any CPU
		{BFF4250A-8C6F-484D-BD32-882B389ACA30}.Release|Any CPU.Build.0 = Release|Any CPU
		{CE88BDE6-812B-4D07-ABE5-D291A72B8329}.Debug|Any CPU.ActiveCfg = Debug|Any CPU
		{CE88BDE6-812B-4D07-ABE5-D291A72B8329}.Debug|Any CPU.Build.0 = Debug|Any CPU
		{CE88BDE6-812B-4D07-ABE5-D291A72B8329}.Release|Any CPU.ActiveCfg = Release|Any CPU
		{CE88BDE6-812B-4D07-ABE5-D291A72B8329}.Release|Any CPU.Build.0 = Release|Any CPU
		{55580C65-318E-4637-845A-E47C662FB22C}.Debug|Any CPU.ActiveCfg = Debug|Any CPU
		{55580C65-318E-4637-845A-E47C662FB22C}.Debug|Any CPU.Build.0 = Debug|Any CPU
		{55580C65-318E-4637-845A-E47C662FB22C}.Release|Any CPU.ActiveCfg = Release|Any CPU
		{55580C65-318E-4637-845A-E47C662FB22C}.Release|Any CPU.Build.0 = Release|Any CPU
		{26BE4D87-DE04-456F-8F8C-1FD18BEB919A}.Debug|Any CPU.ActiveCfg = Debug|Any CPU
		{26BE4D87-DE04-456F-8F8C-1FD18BEB919A}.Debug|Any CPU.Build.0 = Debug|Any CPU
		{26BE4D87-DE04-456F-8F8C-1FD18BEB919A}.Release|Any CPU.ActiveCfg = Release|Any CPU
		{26BE4D87-DE04-456F-8F8C-1FD18BEB919A}.Release|Any CPU.Build.0 = Release|Any CPU
		{EB8132FE-20B0-4982-847E-A3E10041A5A0}.Debug|Any CPU.ActiveCfg = Debug|Any CPU
		{EB8132FE-20B0-4982-847E-A3E10041A5A0}.Debug|Any CPU.Build.0 = Debug|Any CPU
		{EB8132FE-20B0-4982-847E-A3E10041A5A0}.Release|Any CPU.ActiveCfg = Release|Any CPU
		{EB8132FE-20B0-4982-847E-A3E10041A5A0}.Release|Any CPU.Build.0 = Release|Any CPU
		{5E0704B6-3E1F-4CE0-8EC3-9116C4B208F1}.Debug|Any CPU.ActiveCfg = Debug|Any CPU
		{5E0704B6-3E1F-4CE0-8EC3-9116C4B208F1}.Debug|Any CPU.Build.0 = Debug|Any CPU
		{5E0704B6-3E1F-4CE0-8EC3-9116C4B208F1}.Release|Any CPU.ActiveCfg = Release|Any CPU
		{5E0704B6-3E1F-4CE0-8EC3-9116C4B208F1}.Release|Any CPU.Build.0 = Release|Any CPU
		{FF1D37CC-9FC8-47E9-B78D-0B7610E5F0CF}.Debug|Any CPU.ActiveCfg = Debug|Any CPU
		{FF1D37CC-9FC8-47E9-B78D-0B7610E5F0CF}.Debug|Any CPU.Build.0 = Debug|Any CPU
		{FF1D37CC-9FC8-47E9-B78D-0B7610E5F0CF}.Release|Any CPU.ActiveCfg = Release|Any CPU
		{FF1D37CC-9FC8-47E9-B78D-0B7610E5F0CF}.Release|Any CPU.Build.0 = Release|Any CPU
		{5CF00EAE-A355-448F-99FC-492091E5C62D}.Debug|Any CPU.ActiveCfg = Debug|Any CPU
		{5CF00EAE-A355-448F-99FC-492091E5C62D}.Debug|Any CPU.Build.0 = Debug|Any CPU
		{5CF00EAE-A355-448F-99FC-492091E5C62D}.Release|Any CPU.ActiveCfg = Release|Any CPU
		{5CF00EAE-A355-448F-99FC-492091E5C62D}.Release|Any CPU.Build.0 = Release|Any CPU
		{10ED79DE-59CB-4108-8953-719FDF1E89AF}.Debug|Any CPU.ActiveCfg = Debug|Any CPU
		{10ED79DE-59CB-4108-8953-719FDF1E89AF}.Debug|Any CPU.Build.0 = Debug|Any CPU
		{10ED79DE-59CB-4108-8953-719FDF1E89AF}.Release|Any CPU.ActiveCfg = Release|Any CPU
		{10ED79DE-59CB-4108-8953-719FDF1E89AF}.Release|Any CPU.Build.0 = Release|Any CPU
	EndGlobalSection
	GlobalSection(SolutionProperties) = preSolution
		HideSolutionNode = FALSE
	EndGlobalSection
	GlobalSection(ExtensibilityGlobals) = postSolution
		SolutionGuid = {C2BD206B-DA34-4146-9DEB-CB6CB540D505}
	EndGlobalSection
EndGlobal
